// !$*UTF8*$!
{
	archiveVersion = 1;
	classes = {
	};
	objectVersion = 46;
	objects = {

/* Begin PBXBuildFile section */
		6E26580B1D329D11005570DA /* Realm.framework in Frameworks */ = {isa = PBXBuildFile; fileRef = 6E2658041D329D11005570DA /* Realm.framework */; };
		6E26580C1D329D11005570DA /* RealmSwift.framework in Frameworks */ = {isa = PBXBuildFile; fileRef = 6E2658051D329D11005570DA /* RealmSwift.framework */; };
		6E26580D1D329D11005570DA /* RxCocoa.framework in Frameworks */ = {isa = PBXBuildFile; fileRef = 6E2658061D329D11005570DA /* RxCocoa.framework */; };
		6E26580E1D329D11005570DA /* RxHttpClient.framework in Frameworks */ = {isa = PBXBuildFile; fileRef = 6E2658071D329D11005570DA /* RxHttpClient.framework */; };
		6E26580F1D329D11005570DA /* RxHttpClientJasonExtension.framework in Frameworks */ = {isa = PBXBuildFile; fileRef = 6E2658081D329D11005570DA /* RxHttpClientJasonExtension.framework */; };
		6E2658101D329D11005570DA /* RxStreamPlayer.framework in Frameworks */ = {isa = PBXBuildFile; fileRef = 6E2658091D329D11005570DA /* RxStreamPlayer.framework */; };
		6E2658111D329D11005570DA /* RxSwift.framework in Frameworks */ = {isa = PBXBuildFile; fileRef = 6E26580A1D329D11005570DA /* RxSwift.framework */; };
		6ECBE77A1D2F8B4D005423F8 /* AppDelegate.swift in Sources */ = {isa = PBXBuildFile; fileRef = 6ECBE7791D2F8B4D005423F8 /* AppDelegate.swift */; };
		6ECBE77C1D2F8B4D005423F8 /* ViewController.swift in Sources */ = {isa = PBXBuildFile; fileRef = 6ECBE77B1D2F8B4D005423F8 /* ViewController.swift */; };
		6ECBE77F1D2F8B4D005423F8 /* Main.storyboard in Resources */ = {isa = PBXBuildFile; fileRef = 6ECBE77D1D2F8B4D005423F8 /* Main.storyboard */; };
		6ECBE7811D2F8B4D005423F8 /* Assets.xcassets in Resources */ = {isa = PBXBuildFile; fileRef = 6ECBE7801D2F8B4D005423F8 /* Assets.xcassets */; };
		6ECBE7841D2F8B4D005423F8 /* LaunchScreen.storyboard in Resources */ = {isa = PBXBuildFile; fileRef = 6ECBE7821D2F8B4D005423F8 /* LaunchScreen.storyboard */; };
/* End PBXBuildFile section */

/* Begin PBXContainerItemProxy section */
		6ECBE78B1D2F8B4D005423F8 /* PBXContainerItemProxy */ = {
			isa = PBXContainerItemProxy;
			containerPortal = 6ECBE76E1D2F8B4D005423F8 /* Project object */;
			proxyType = 1;
			remoteGlobalIDString = 6ECBE7751D2F8B4D005423F8;
			remoteInfo = StreamingMusicPlayer;
		};
		6ECBE7961D2F8B4D005423F8 /* PBXContainerItemProxy */ = {
			isa = PBXContainerItemProxy;
			containerPortal = 6ECBE76E1D2F8B4D005423F8 /* Project object */;
			proxyType = 1;
			remoteGlobalIDString = 6ECBE7751D2F8B4D005423F8;
			remoteInfo = StreamingMusicPlayer;
		};
/* End PBXContainerItemProxy section */

/* Begin PBXFileReference section */
		6E2658041D329D11005570DA /* Realm.framework */ = {isa = PBXFileReference; lastKnownFileType = wrapper.framework; name = Realm.framework; path = Dependencies/iOS/Realm.framework; sourceTree = "<group>"; };
		6E2658051D329D11005570DA /* RealmSwift.framework */ = {isa = PBXFileReference; lastKnownFileType = wrapper.framework; name = RealmSwift.framework; path = Dependencies/iOS/RealmSwift.framework; sourceTree = "<group>"; };
		6E2658061D329D11005570DA /* RxCocoa.framework */ = {isa = PBXFileReference; lastKnownFileType = wrapper.framework; name = RxCocoa.framework; path = Dependencies/iOS/RxCocoa.framework; sourceTree = "<group>"; };
		6E2658071D329D11005570DA /* RxHttpClient.framework */ = {isa = PBXFileReference; lastKnownFileType = wrapper.framework; name = RxHttpClient.framework; path = Dependencies/iOS/RxHttpClient.framework; sourceTree = "<group>"; };
		6E2658081D329D11005570DA /* RxHttpClientJasonExtension.framework */ = {isa = PBXFileReference; lastKnownFileType = wrapper.framework; name = RxHttpClientJasonExtension.framework; path = Dependencies/iOS/RxHttpClientJasonExtension.framework; sourceTree = "<group>"; };
		6E2658091D329D11005570DA /* RxStreamPlayer.framework */ = {isa = PBXFileReference; lastKnownFileType = wrapper.framework; name = RxStreamPlayer.framework; path = Dependencies/iOS/RxStreamPlayer.framework; sourceTree = "<group>"; };
		6E26580A1D329D11005570DA /* RxSwift.framework */ = {isa = PBXFileReference; lastKnownFileType = wrapper.framework; name = RxSwift.framework; path = Dependencies/iOS/RxSwift.framework; sourceTree = "<group>"; };
		6ECBE7761D2F8B4D005423F8 /* StreamingMusicPlayer.app */ = {isa = PBXFileReference; explicitFileType = wrapper.application; includeInIndex = 0; path = StreamingMusicPlayer.app; sourceTree = BUILT_PRODUCTS_DIR; };
		6ECBE7791D2F8B4D005423F8 /* AppDelegate.swift */ = {isa = PBXFileReference; lastKnownFileType = sourcecode.swift; path = AppDelegate.swift; sourceTree = "<group>"; };
		6ECBE77B1D2F8B4D005423F8 /* ViewController.swift */ = {isa = PBXFileReference; lastKnownFileType = sourcecode.swift; path = ViewController.swift; sourceTree = "<group>"; };
		6ECBE77E1D2F8B4D005423F8 /* Base */ = {isa = PBXFileReference; lastKnownFileType = file.storyboard; name = Base; path = Base.lproj/Main.storyboard; sourceTree = "<group>"; };
		6ECBE7801D2F8B4D005423F8 /* Assets.xcassets */ = {isa = PBXFileReference; lastKnownFileType = folder.assetcatalog; path = Assets.xcassets; sourceTree = "<group>"; };
		6ECBE7831D2F8B4D005423F8 /* Base */ = {isa = PBXFileReference; lastKnownFileType = file.storyboard; name = Base; path = Base.lproj/LaunchScreen.storyboard; sourceTree = "<group>"; };
		6ECBE7851D2F8B4D005423F8 /* Info.plist */ = {isa = PBXFileReference; lastKnownFileType = text.plist.xml; path = Info.plist; sourceTree = "<group>"; };
		6ECBE78A1D2F8B4D005423F8 /* StreamingMusicPlayerTests.xctest */ = {isa = PBXFileReference; explicitFileType = wrapper.cfbundle; includeInIndex = 0; path = StreamingMusicPlayerTests.xctest; sourceTree = BUILT_PRODUCTS_DIR; };
		6ECBE7901D2F8B4D005423F8 /* Info.plist */ = {isa = PBXFileReference; lastKnownFileType = text.plist.xml; path = Info.plist; sourceTree = "<group>"; };
		6ECBE7951D2F8B4D005423F8 /* StreamingMusicPlayerUITests.xctest */ = {isa = PBXFileReference; explicitFileType = wrapper.cfbundle; includeInIndex = 0; path = StreamingMusicPlayerUITests.xctest; sourceTree = BUILT_PRODUCTS_DIR; };
		6ECBE79B1D2F8B4D005423F8 /* Info.plist */ = {isa = PBXFileReference; lastKnownFileType = text.plist.xml; path = Info.plist; sourceTree = "<group>"; };
/* End PBXFileReference section */

/* Begin PBXFrameworksBuildPhase section */
		6ECBE7731D2F8B4D005423F8 /* Frameworks */ = {
			isa = PBXFrameworksBuildPhase;
			buildActionMask = 2147483647;
			files = (
				6E26580B1D329D11005570DA /* Realm.framework in Frameworks */,
				6E26580C1D329D11005570DA /* RealmSwift.framework in Frameworks */,
				6E26580D1D329D11005570DA /* RxCocoa.framework in Frameworks */,
				6E26580E1D329D11005570DA /* RxHttpClient.framework in Frameworks */,
				6E26580F1D329D11005570DA /* RxHttpClientJasonExtension.framework in Frameworks */,
				6E2658101D329D11005570DA /* RxStreamPlayer.framework in Frameworks */,
				6E2658111D329D11005570DA /* RxSwift.framework in Frameworks */,
			);
			runOnlyForDeploymentPostprocessing = 0;
		};
		6ECBE7871D2F8B4D005423F8 /* Frameworks */ = {
			isa = PBXFrameworksBuildPhase;
			buildActionMask = 2147483647;
			files = (
			);
			runOnlyForDeploymentPostprocessing = 0;
		};
		6ECBE7921D2F8B4D005423F8 /* Frameworks */ = {
			isa = PBXFrameworksBuildPhase;
			buildActionMask = 2147483647;
			files = (
			);
			runOnlyForDeploymentPostprocessing = 0;
		};
/* End PBXFrameworksBuildPhase section */

/* Begin PBXGroup section */
		6ECBE76D1D2F8B4D005423F8 = {
			isa = PBXGroup;
			children = (
				6E2658041D329D11005570DA /* Realm.framework */,
				6E2658051D329D11005570DA /* RealmSwift.framework */,
				6E2658061D329D11005570DA /* RxCocoa.framework */,
				6E2658071D329D11005570DA /* RxHttpClient.framework */,
				6E2658081D329D11005570DA /* RxHttpClientJasonExtension.framework */,
				6E2658091D329D11005570DA /* RxStreamPlayer.framework */,
				6E26580A1D329D11005570DA /* RxSwift.framework */,
				6ECBE7781D2F8B4D005423F8 /* StreamingMusicPlayer */,
				6ECBE78D1D2F8B4D005423F8 /* StreamingMusicPlayerTests */,
				6ECBE7981D2F8B4D005423F8 /* StreamingMusicPlayerUITests */,
				6ECBE7771D2F8B4D005423F8 /* Products */,
			);
			sourceTree = "<group>";
		};
		6ECBE7771D2F8B4D005423F8 /* Products */ = {
			isa = PBXGroup;
			children = (
				6ECBE7761D2F8B4D005423F8 /* StreamingMusicPlayer.app */,
				6ECBE78A1D2F8B4D005423F8 /* StreamingMusicPlayerTests.xctest */,
				6ECBE7951D2F8B4D005423F8 /* StreamingMusicPlayerUITests.xctest */,
			);
			name = Products;
			sourceTree = "<group>";
		};
		6ECBE7781D2F8B4D005423F8 /* StreamingMusicPlayer */ = {
			isa = PBXGroup;
			children = (
				6ECBE7791D2F8B4D005423F8 /* AppDelegate.swift */,
				6ECBE77B1D2F8B4D005423F8 /* ViewController.swift */,
				6ECBE77D1D2F8B4D005423F8 /* Main.storyboard */,
				6ECBE7801D2F8B4D005423F8 /* Assets.xcassets */,
				6ECBE7821D2F8B4D005423F8 /* LaunchScreen.storyboard */,
				6ECBE7851D2F8B4D005423F8 /* Info.plist */,
			);
			path = StreamingMusicPlayer;
			sourceTree = "<group>";
		};
		6ECBE78D1D2F8B4D005423F8 /* StreamingMusicPlayerTests */ = {
			isa = PBXGroup;
			children = (
				6ECBE7901D2F8B4D005423F8 /* Info.plist */,
			);
			path = StreamingMusicPlayerTests;
			sourceTree = "<group>";
		};
		6ECBE7981D2F8B4D005423F8 /* StreamingMusicPlayerUITests */ = {
			isa = PBXGroup;
			children = (
				6ECBE79B1D2F8B4D005423F8 /* Info.plist */,
			);
			path = StreamingMusicPlayerUITests;
			sourceTree = "<group>";
		};
/* End PBXGroup section */

/* Begin PBXNativeTarget section */
		6ECBE7751D2F8B4D005423F8 /* StreamingMusicPlayer */ = {
			isa = PBXNativeTarget;
			buildConfigurationList = 6ECBE79E1D2F8B4D005423F8 /* Build configuration list for PBXNativeTarget "StreamingMusicPlayer" */;
			buildPhases = (
				6ECBE7721D2F8B4D005423F8 /* Sources */,
				6ECBE7731D2F8B4D005423F8 /* Frameworks */,
				6ECBE7741D2F8B4D005423F8 /* Resources */,
				6E2658131D32B38C005570DA /* Copy in development frameworks */,
				6E2658121D329D81005570DA /* Copy carthage frameworks */,
			);
			buildRules = (
			);
			dependencies = (
			);
			name = StreamingMusicPlayer;
			productName = StreamingMusicPlayer;
			productReference = 6ECBE7761D2F8B4D005423F8 /* StreamingMusicPlayer.app */;
			productType = "com.apple.product-type.application";
		};
		6ECBE7891D2F8B4D005423F8 /* StreamingMusicPlayerTests */ = {
			isa = PBXNativeTarget;
			buildConfigurationList = 6ECBE7A11D2F8B4D005423F8 /* Build configuration list for PBXNativeTarget "StreamingMusicPlayerTests" */;
			buildPhases = (
				6ECBE7861D2F8B4D005423F8 /* Sources */,
				6ECBE7871D2F8B4D005423F8 /* Frameworks */,
				6ECBE7881D2F8B4D005423F8 /* Resources */,
			);
			buildRules = (
			);
			dependencies = (
				6ECBE78C1D2F8B4D005423F8 /* PBXTargetDependency */,
			);
			name = StreamingMusicPlayerTests;
			productName = StreamingMusicPlayerTests;
			productReference = 6ECBE78A1D2F8B4D005423F8 /* StreamingMusicPlayerTests.xctest */;
			productType = "com.apple.product-type.bundle.unit-test";
		};
		6ECBE7941D2F8B4D005423F8 /* StreamingMusicPlayerUITests */ = {
			isa = PBXNativeTarget;
			buildConfigurationList = 6ECBE7A41D2F8B4D005423F8 /* Build configuration list for PBXNativeTarget "StreamingMusicPlayerUITests" */;
			buildPhases = (
				6ECBE7911D2F8B4D005423F8 /* Sources */,
				6ECBE7921D2F8B4D005423F8 /* Frameworks */,
				6ECBE7931D2F8B4D005423F8 /* Resources */,
			);
			buildRules = (
			);
			dependencies = (
				6ECBE7971D2F8B4D005423F8 /* PBXTargetDependency */,
			);
			name = StreamingMusicPlayerUITests;
			productName = StreamingMusicPlayerUITests;
			productReference = 6ECBE7951D2F8B4D005423F8 /* StreamingMusicPlayerUITests.xctest */;
			productType = "com.apple.product-type.bundle.ui-testing";
		};
/* End PBXNativeTarget section */

/* Begin PBXProject section */
		6ECBE76E1D2F8B4D005423F8 /* Project object */ = {
			isa = PBXProject;
			attributes = {
				LastSwiftUpdateCheck = 0730;
				LastUpgradeCheck = 0730;
				ORGANIZATIONNAME = "Anton Efimenko";
				TargetAttributes = {
					6ECBE7751D2F8B4D005423F8 = {
						CreatedOnToolsVersion = 7.3;
					};
					6ECBE7891D2F8B4D005423F8 = {
						CreatedOnToolsVersion = 7.3;
						TestTargetID = 6ECBE7751D2F8B4D005423F8;
					};
					6ECBE7941D2F8B4D005423F8 = {
						CreatedOnToolsVersion = 7.3;
						TestTargetID = 6ECBE7751D2F8B4D005423F8;
					};
				};
			};
			buildConfigurationList = 6ECBE7711D2F8B4D005423F8 /* Build configuration list for PBXProject "StreamingMusicPlayer" */;
			compatibilityVersion = "Xcode 3.2";
			developmentRegion = English;
			hasScannedForEncodings = 0;
			knownRegions = (
				en,
				Base,
			);
			mainGroup = 6ECBE76D1D2F8B4D005423F8;
			productRefGroup = 6ECBE7771D2F8B4D005423F8 /* Products */;
			projectDirPath = "";
			projectRoot = "";
			targets = (
				6ECBE7751D2F8B4D005423F8 /* StreamingMusicPlayer */,
				6ECBE7891D2F8B4D005423F8 /* StreamingMusicPlayerTests */,
				6ECBE7941D2F8B4D005423F8 /* StreamingMusicPlayerUITests */,
			);
		};
/* End PBXProject section */

/* Begin PBXResourcesBuildPhase section */
		6ECBE7741D2F8B4D005423F8 /* Resources */ = {
			isa = PBXResourcesBuildPhase;
			buildActionMask = 2147483647;
			files = (
				6ECBE7841D2F8B4D005423F8 /* LaunchScreen.storyboard in Resources */,
				6ECBE7811D2F8B4D005423F8 /* Assets.xcassets in Resources */,
				6ECBE77F1D2F8B4D005423F8 /* Main.storyboard in Resources */,
			);
			runOnlyForDeploymentPostprocessing = 0;
		};
		6ECBE7881D2F8B4D005423F8 /* Resources */ = {
			isa = PBXResourcesBuildPhase;
			buildActionMask = 2147483647;
			files = (
			);
			runOnlyForDeploymentPostprocessing = 0;
		};
		6ECBE7931D2F8B4D005423F8 /* Resources */ = {
			isa = PBXResourcesBuildPhase;
			buildActionMask = 2147483647;
			files = (
			);
			runOnlyForDeploymentPostprocessing = 0;
		};
/* End PBXResourcesBuildPhase section */

/* Begin PBXShellScriptBuildPhase section */
		6E2658121D329D81005570DA /* Copy carthage frameworks */ = {
			isa = PBXShellScriptBuildPhase;
			buildActionMask = 2147483647;
			files = (
			);
			inputPaths = (
				"$(SRCROOT)/Dependencies/iOS/RxSwift.framework",
				"$(SRCROOT)/Dependencies/iOS/RxCocoa.framework",
				"$(SRCROOT)/Dependencies/iOS/Realm.framework",
				"$(SRCROOT)/Dependencies/iOS/RealmSwift.framework",
				"$(SRCROOT)/Dependencies/iOS/RxHttpClient.framework",
				"$(SRCROOT)/Dependencies/iOS/RxHttpClientJasonExtension.framework",
				"$(SRCROOT)/Dependencies/iOS/RxStreamPlayer.framework",
			);
			name = "Copy carthage frameworks";
			outputPaths = (
			);
			runOnlyForDeploymentPostprocessing = 0;
			shellPath = /bin/sh;
			shellScript = "/usr/local/bin/carthage copy-frameworks";
		};
		6E2658131D32B38C005570DA /* Copy in development frameworks */ = {
			isa = PBXShellScriptBuildPhase;
			buildActionMask = 2147483647;
			files = (
			);
			inputPaths = (
			);
			name = "Copy in development frameworks";
			outputPaths = (
			);
			runOnlyForDeploymentPostprocessing = 0;
			shellPath = /bin/sh;
			shellScript = "/bin/sh ${SRCROOT}/Scripts/CopyInDevelopmentFrameworks.sh $BUILD_DIR";
		};
/* End PBXShellScriptBuildPhase section */

/* Begin PBXSourcesBuildPhase section */
		6ECBE7721D2F8B4D005423F8 /* Sources */ = {
			isa = PBXSourcesBuildPhase;
			buildActionMask = 2147483647;
			files = (
				6ECBE77C1D2F8B4D005423F8 /* ViewController.swift in Sources */,
				6ECBE77A1D2F8B4D005423F8 /* AppDelegate.swift in Sources */,
			);
			runOnlyForDeploymentPostprocessing = 0;
		};
		6ECBE7861D2F8B4D005423F8 /* Sources */ = {
			isa = PBXSourcesBuildPhase;
			buildActionMask = 2147483647;
			files = (
			);
			runOnlyForDeploymentPostprocessing = 0;
		};
		6ECBE7911D2F8B4D005423F8 /* Sources */ = {
			isa = PBXSourcesBuildPhase;
			buildActionMask = 2147483647;
			files = (
			);
			runOnlyForDeploymentPostprocessing = 0;
		};
/* End PBXSourcesBuildPhase section */

/* Begin PBXTargetDependency section */
		6ECBE78C1D2F8B4D005423F8 /* PBXTargetDependency */ = {
			isa = PBXTargetDependency;
			target = 6ECBE7751D2F8B4D005423F8 /* StreamingMusicPlayer */;
			targetProxy = 6ECBE78B1D2F8B4D005423F8 /* PBXContainerItemProxy */;
		};
		6ECBE7971D2F8B4D005423F8 /* PBXTargetDependency */ = {
			isa = PBXTargetDependency;
			target = 6ECBE7751D2F8B4D005423F8 /* StreamingMusicPlayer */;
			targetProxy = 6ECBE7961D2F8B4D005423F8 /* PBXContainerItemProxy */;
		};
/* End PBXTargetDependency section */

/* Begin PBXVariantGroup section */
		6ECBE77D1D2F8B4D005423F8 /* Main.storyboard */ = {
			isa = PBXVariantGroup;
			children = (
				6ECBE77E1D2F8B4D005423F8 /* Base */,
			);
			name = Main.storyboard;
			sourceTree = "<group>";
		};
		6ECBE7821D2F8B4D005423F8 /* LaunchScreen.storyboard */ = {
			isa = PBXVariantGroup;
			children = (
				6ECBE7831D2F8B4D005423F8 /* Base */,
			);
			name = LaunchScreen.storyboard;
			sourceTree = "<group>";
		};
/* End PBXVariantGroup section */

/* Begin XCBuildConfiguration section */
		6ECBE79C1D2F8B4D005423F8 /* Debug */ = {
			isa = XCBuildConfiguration;
			buildSettings = {
				ALWAYS_SEARCH_USER_PATHS = NO;
				CLANG_ANALYZER_NONNULL = YES;
				CLANG_CXX_LANGUAGE_STANDARD = "gnu++0x";
				CLANG_CXX_LIBRARY = "libc++";
				CLANG_ENABLE_MODULES = YES;
				CLANG_ENABLE_OBJC_ARC = YES;
				CLANG_WARN_BOOL_CONVERSION = YES;
				CLANG_WARN_CONSTANT_CONVERSION = YES;
				CLANG_WARN_DIRECT_OBJC_ISA_USAGE = YES_ERROR;
				CLANG_WARN_EMPTY_BODY = YES;
				CLANG_WARN_ENUM_CONVERSION = YES;
				CLANG_WARN_INT_CONVERSION = YES;
				CLANG_WARN_OBJC_ROOT_CLASS = YES_ERROR;
				CLANG_WARN_UNREACHABLE_CODE = YES;
				CLANG_WARN__DUPLICATE_METHOD_MATCH = YES;
				"CODE_SIGN_IDENTITY[sdk=iphoneos*]" = "iPhone Developer";
				COPY_PHASE_STRIP = NO;
				DEBUG_INFORMATION_FORMAT = dwarf;
				ENABLE_STRICT_OBJC_MSGSEND = YES;
				ENABLE_TESTABILITY = YES;
				GCC_C_LANGUAGE_STANDARD = gnu99;
				GCC_DYNAMIC_NO_PIC = NO;
				GCC_NO_COMMON_BLOCKS = YES;
				GCC_OPTIMIZATION_LEVEL = 0;
				GCC_PREPROCESSOR_DEFINITIONS = (
					"DEBUG=1",
					"$(inherited)",
				);
				GCC_WARN_64_TO_32_BIT_CONVERSION = YES;
				GCC_WARN_ABOUT_RETURN_TYPE = YES_ERROR;
				GCC_WARN_UNDECLARED_SELECTOR = YES;
				GCC_WARN_UNINITIALIZED_AUTOS = YES_AGGRESSIVE;
				GCC_WARN_UNUSED_FUNCTION = YES;
				GCC_WARN_UNUSED_VARIABLE = YES;
				IPHONEOS_DEPLOYMENT_TARGET = 9.3;
				MTL_ENABLE_DEBUG_INFO = YES;
				ONLY_ACTIVE_ARCH = YES;
				SDKROOT = iphoneos;
				SWIFT_OPTIMIZATION_LEVEL = "-Onone";
			};
			name = Debug;
		};
		6ECBE79D1D2F8B4D005423F8 /* Release */ = {
			isa = XCBuildConfiguration;
			buildSettings = {
				ALWAYS_SEARCH_USER_PATHS = NO;
				CLANG_ANALYZER_NONNULL = YES;
				CLANG_CXX_LANGUAGE_STANDARD = "gnu++0x";
				CLANG_CXX_LIBRARY = "libc++";
				CLANG_ENABLE_MODULES = YES;
				CLANG_ENABLE_OBJC_ARC = YES;
				CLANG_WARN_BOOL_CONVERSION = YES;
				CLANG_WARN_CONSTANT_CONVERSION = YES;
				CLANG_WARN_DIRECT_OBJC_ISA_USAGE = YES_ERROR;
				CLANG_WARN_EMPTY_BODY = YES;
				CLANG_WARN_ENUM_CONVERSION = YES;
				CLANG_WARN_INT_CONVERSION = YES;
				CLANG_WARN_OBJC_ROOT_CLASS = YES_ERROR;
				CLANG_WARN_UNREACHABLE_CODE = YES;
				CLANG_WARN__DUPLICATE_METHOD_MATCH = YES;
				"CODE_SIGN_IDENTITY[sdk=iphoneos*]" = "iPhone Developer";
				COPY_PHASE_STRIP = NO;
				DEBUG_INFORMATION_FORMAT = "dwarf-with-dsym";
				ENABLE_NS_ASSERTIONS = NO;
				ENABLE_STRICT_OBJC_MSGSEND = YES;
				GCC_C_LANGUAGE_STANDARD = gnu99;
				GCC_NO_COMMON_BLOCKS = YES;
				GCC_WARN_64_TO_32_BIT_CONVERSION = YES;
				GCC_WARN_ABOUT_RETURN_TYPE = YES_ERROR;
				GCC_WARN_UNDECLARED_SELECTOR = YES;
				GCC_WARN_UNINITIALIZED_AUTOS = YES_AGGRESSIVE;
				GCC_WARN_UNUSED_FUNCTION = YES;
				GCC_WARN_UNUSED_VARIABLE = YES;
				IPHONEOS_DEPLOYMENT_TARGET = 9.3;
				MTL_ENABLE_DEBUG_INFO = NO;
				SDKROOT = iphoneos;
				VALIDATE_PRODUCT = YES;
			};
			name = Release;
		};
		6ECBE79F1D2F8B4D005423F8 /* Debug */ = {
			isa = XCBuildConfiguration;
			buildSettings = {
				ASSETCATALOG_COMPILER_APPICON_NAME = AppIcon;
				FRAMEWORK_SEARCH_PATHS = (
					"$(inherited)",
					"$(PROJECT_DIR)/Dependencies/iOS",
				);
				INFOPLIST_FILE = StreamingMusicPlayer/Info.plist;
				LD_RUNPATH_SEARCH_PATHS = "$(inherited) @executable_path/Frameworks";
				PRODUCT_BUNDLE_IDENTIFIER = com.AntonEfimenko.StreamingMusicPlayer;
				PRODUCT_NAME = "$(TARGET_NAME)";
			};
			name = Debug;
		};
		6ECBE7A01D2F8B4D005423F8 /* Release */ = {
			isa = XCBuildConfiguration;
			buildSettings = {
				ASSETCATALOG_COMPILER_APPICON_NAME = AppIcon;
				FRAMEWORK_SEARCH_PATHS = (
					"$(inherited)",
					"$(PROJECT_DIR)/Dependencies/iOS",
				);
				INFOPLIST_FILE = StreamingMusicPlayer/Info.plist;
				LD_RUNPATH_SEARCH_PATHS = "$(inherited) @executable_path/Frameworks";
				PRODUCT_BUNDLE_IDENTIFIER = com.AntonEfimenko.StreamingMusicPlayer;
				PRODUCT_NAME = "$(TARGET_NAME)";
			};
			name = Release;
		};
		6ECBE7A21D2F8B4D005423F8 /* Debug */ = {
			isa = XCBuildConfiguration;
			buildSettings = {
				BUNDLE_LOADER = "$(TEST_HOST)";
				INFOPLIST_FILE = StreamingMusicPlayerTests/Info.plist;
				LD_RUNPATH_SEARCH_PATHS = "$(inherited) @executable_path/Frameworks @loader_path/Frameworks";
				PRODUCT_BUNDLE_IDENTIFIER = com.AntonEfimenko.StreamingMusicPlayerTests;
				PRODUCT_NAME = "$(TARGET_NAME)";
				TEST_HOST = "$(BUILT_PRODUCTS_DIR)/StreamingMusicPlayer.app/StreamingMusicPlayer";
			};
			name = Debug;
		};
		6ECBE7A31D2F8B4D005423F8 /* Release */ = {
			isa = XCBuildConfiguration;
			buildSettings = {
				BUNDLE_LOADER = "$(TEST_HOST)";
				INFOPLIST_FILE = StreamingMusicPlayerTests/Info.plist;
				LD_RUNPATH_SEARCH_PATHS = "$(inherited) @executable_path/Frameworks @loader_path/Frameworks";
				PRODUCT_BUNDLE_IDENTIFIER = com.AntonEfimenko.StreamingMusicPlayerTests;
				PRODUCT_NAME = "$(TARGET_NAME)";
				TEST_HOST = "$(BUILT_PRODUCTS_DIR)/StreamingMusicPlayer.app/StreamingMusicPlayer";
			};
			name = Release;
		};
		6ECBE7A51D2F8B4D005423F8 /* Debug */ = {
			isa = XCBuildConfiguration;
			buildSettings = {
				INFOPLIST_FILE = StreamingMusicPlayerUITests/Info.plist;
				LD_RUNPATH_SEARCH_PATHS = "$(inherited) @executable_path/Frameworks @loader_path/Frameworks";
				PRODUCT_BUNDLE_IDENTIFIER = com.AntonEfimenko.StreamingMusicPlayerUITests;
				PRODUCT_NAME = "$(TARGET_NAME)";
				TEST_TARGET_NAME = StreamingMusicPlayer;
			};
			name = Debug;
		};
		6ECBE7A61D2F8B4D005423F8 /* Release */ = {
			isa = XCBuildConfiguration;
			buildSettings = {
				INFOPLIST_FILE = StreamingMusicPlayerUITests/Info.plist;
				LD_RUNPATH_SEARCH_PATHS = "$(inherited) @executable_path/Frameworks @loader_path/Frameworks";
				PRODUCT_BUNDLE_IDENTIFIER = com.AntonEfimenko.StreamingMusicPlayerUITests;
				PRODUCT_NAME = "$(TARGET_NAME)";
				TEST_TARGET_NAME = StreamingMusicPlayer;
			};
			name = Release;
		};
/* End XCBuildConfiguration section */

/* Begin XCConfigurationList section */
		6ECBE7711D2F8B4D005423F8 /* Build configuration list for PBXProject "StreamingMusicPlayer" */ = {
			isa = XCConfigurationList;
			buildConfigurations = (
				6ECBE79C1D2F8B4D005423F8 /* Debug */,
				6ECBE79D1D2F8B4D005423F8 /* Release */,
			);
			defaultConfigurationIsVisible = 0;
			defaultConfigurationName = Release;
		};
		6ECBE79E1D2F8B4D005423F8 /* Build configuration list for PBXNativeTarget "StreamingMusicPlayer" */ = {
			isa = XCConfigurationList;
			buildConfigurations = (
				6ECBE79F1D2F8B4D005423F8 /* Debug */,
				6ECBE7A01D2F8B4D005423F8 /* Release */,
			);
			defaultConfigurationIsVisible = 0;
			defaultConfigurationName = Release;
		};
		6ECBE7A11D2F8B4D005423F8 /* Build configuration list for PBXNativeTarget "StreamingMusicPlayerTests" */ = {
			isa = XCConfigurationList;
			buildConfigurations = (
				6ECBE7A21D2F8B4D005423F8 /* Debug */,
				6ECBE7A31D2F8B4D005423F8 /* Release */,
			);
			defaultConfigurationIsVisible = 0;
			defaultConfigurationName = Release;
		};
		6ECBE7A41D2F8B4D005423F8 /* Build configuration list for PBXNativeTarget "StreamingMusicPlayerUITests" */ = {
			isa = XCConfigurationList;
			buildConfigurations = (
				6ECBE7A51D2F8B4D005423F8 /* Debug */,
				6ECBE7A61D2F8B4D005423F8 /* Release */,
			);
			defaultConfigurationIsVisible = 0;
			defaultConfigurationName = Release;
		};
/* End XCConfigurationList section */
	};
	rootObject = 6ECBE76E1D2F8B4D005423F8 /* Project object */;
}
